{
  "requires": true,
  "lockfileVersion": 1,
  "dependencies": {
    "@types/bson": {
      "version": "4.0.3",
      "resolved": "https://registry.npmjs.org/@types/bson/-/bson-4.0.3.tgz",
      "integrity": "sha512-mVRvYnTOZJz3ccpxhr3wgxVmSeiYinW+zlzQz3SXWaJmD1DuL05Jeq7nKw3SnbKmbleW5qrLG5vdyWe/A9sXhw==",
      "requires": {
        "@types/node": "*"
      }
    },
    "@types/connect": {
      "version": "3.4.34",
      "resolved": "https://registry.npmjs.org/@types/connect/-/connect-3.4.34.tgz",
      "integrity": "sha512-ePPA/JuI+X0vb+gSWlPKOY0NdNAie/rPUqX2GUPpbZwiKTkSPhjXWuee47E4MtE54QVzGCQMQkAL6JhV2E1+cQ==",
      "requires": {
        "@types/node": "*"
      }
    },
    "@types/meteor": {
      "version": "1.4.64",
      "resolved": "https://registry.npmjs.org/@types/meteor/-/meteor-1.4.64.tgz",
      "integrity": "sha512-Yxsn70JGZlNDaYD2OX/Ho6pKVmWTVT70JEVO7PbGMM9O4sfOjWSVUvJ2JJ5Dt1X6+sLojkAM5WQm7Jp75S9Vfg==",
      "requires": {
        "@types/connect": "*",
        "@types/mongodb": "*",
        "@types/react": "*",
        "@types/underscore": "*"
      }
    },
    "@types/mongodb": {
      "version": "3.6.3",
      "resolved": "https://registry.npmjs.org/@types/mongodb/-/mongodb-3.6.3.tgz",
      "integrity": "sha512-6YNqGP1hk5bjUFaim+QoFFuI61WjHiHE1BNeB41TA00Xd2K7zG4lcWyLLq/XtIp36uMavvS5hoAUJ+1u/GcX2Q==",
      "requires": {
        "@types/bson": "*",
        "@types/node": "*"
      }
    },
    "@types/node": {
      "version": "14.14.20",
      "resolved": "https://registry.npmjs.org/@types/node/-/node-14.14.20.tgz",
      "integrity": "sha512-Y93R97Ouif9JEOWPIUyU+eyIdyRqQR0I8Ez1dzku4hDx34NWh4HbtIc3WNzwB1Y9ULvNGeu5B8h8bVL5cAk4/A=="
    },
    "@types/prop-types": {
      "version": "15.7.3",
      "resolved": "https://registry.npmjs.org/@types/prop-types/-/prop-types-15.7.3.tgz",
      "integrity": "sha512-KfRL3PuHmqQLOG+2tGpRO26Ctg+Cq1E01D2DMriKEATHgWLfeNDmq9e29Q9WIky0dQ3NPkd1mzYH8Lm936Z9qw=="
    },
    "@types/react": {
      "version": "17.0.0",
      "resolved": "https://registry.npmjs.org/@types/react/-/react-17.0.0.tgz",
      "integrity": "sha512-aj/L7RIMsRlWML3YB6KZiXB3fV2t41+5RBGYF8z+tAKU43Px8C3cYUZsDvf1/+Bm4FK21QWBrDutu8ZJ/70qOw==",
      "requires": {
        "@types/prop-types": "*",
        "csstype": "^3.0.2"
      }
    },
    "@types/underscore": {
      "version": "1.10.24",
      "resolved": "https://registry.npmjs.org/@types/underscore/-/underscore-1.10.24.tgz",
      "integrity": "sha512-T3NQD8hXNW2sRsSbLNjF/aBo18MyJlbw0lSpQHB/eZZtScPdexN4HSa8cByYwTw9Wy7KuOFr81mlDQcQQaZ79w=="
    },
    "csstype": {
      "version": "3.0.5",
      "resolved": "https://registry.npmjs.org/csstype/-/csstype-3.0.5.tgz",
      "integrity": "sha512-uVDi8LpBUKQj6sdxNaTetL6FpeCqTjOvAQuQUa/qAqq8oOd4ivkbhgnqayl0dnPal8Tb/yB1tF+gOvCBiicaiQ=="
    }
  }
}
